
Microsoft Visual Studio Solution File, Format Version 12.00
# Visual Studio Version 16
VisualStudioVersion = 16.0.33214.272
MinimumVisualStudioVersion = 10.0.40219.1
Project("{9A19103F-16F7-4668-BE54-9A1E7A4F7556}") = "BCompany", "BCompany.csproj", "{5E00FE95-061F-4439-A22B-4BAB41474C65}"
EndProject
Global
	GlobalSection(SolutionConfigurationPlatforms) = preSolution
		Debug|Any CPU = Debug|Any CPU
		Release|Any CPU = Release|Any CPU
	EndGlobalSection
	GlobalSection(ProjectConfigurationPlatforms) = postSolution
		{5E00FE95-061F-4439-A22B-4BAB41474C65}.Debug|Any CPU.ActiveCfg = Debug|Any CPU
		{5E00FE95-061F-4439-A22B-4BAB41474C65}.Debug|Any CPU.Build.0 = Debug|Any CPU
		{5E00FE95-061F-4439-A22B-4BAB41474C65}.Release|Any CPU.ActiveCfg = Release|Any CPU
		{5E00FE95-061F-4439-A22B-4BAB41474C65}.Release|Any CPU.Build.0 = Release|Any CPU
	EndGlobalSection
	GlobalSection(SolutionProperties) = preSolution
		HideSolutionNode = FALSE
	EndGlobalSection
	GlobalSection(ExtensibilityGlobals) = postSolution
		SolutionGuid = {3400F794-A4F7-417C-918B-05698F5AD551}
	EndGlobalSection
EndGlobal
